
Microsoft Visual Studio Solution File, Format Version 12.00
Project("{FAE04EC0-301F-11D3-BF4B-00C04F79EFBC}") = "CsProjCleaner", "CsProjCleaner.csproj", "{DD87CA28-4449-48DB-8273-A0996113726C}"
EndProject
Global
	GlobalSection(SolutionConfigurationPlatforms) = preSolution
		Debug|Any CPU = Debug|Any CPU
		Release|Any CPU = Release|Any CPU
	EndGlobalSection
	GlobalSection(ProjectConfigurationPlatforms) = postSolution
		{DD87CA28-4449-48DB-8273-A0996113726C}.Debug|Any CPU.ActiveCfg = Debug|Any CPU
		{DD87CA28-4449-48DB-8273-A0996113726C}.Debug|Any CPU.Build.0 = Debug|Any CPU
		{DD87CA28-4449-48DB-8273-A0996113726C}.Release|Any CPU.ActiveCfg = Release|Any CPU
		{DD87CA28-4449-48DB-8273-A0996113726C}.Release|Any CPU.Build.0 = Release|Any CPU
	EndGlobalSection
EndGlobal
